
Microsoft Visual Studio Solution File, Format Version 12.00
# Visual Studio Version 16
VisualStudioVersion = 16.0.29709.97
MinimumVisualStudioVersion = 10.0.40219.1
Project("{FAE04EC0-301F-11D3-BF4B-00C04F79EFBC}") = "Cooker", "Cooker\Cooker.csproj", "{98D44C6F-B2E6-4EC3-A9B9-ED6BC123876D}"
EndProject
Global
	GlobalSection(SolutionConfigurationPlatforms) = preSolution
		Debug|Any CPU = Debug|Any CPU
		Release|Any CPU = Release|Any CPU
	EndGlobalSection
	GlobalSection(ProjectConfigurationPlatforms) = postSolution
		{98D44C6F-B2E6-4EC3-A9B9-ED6BC123876D}.Debug|Any CPU.ActiveCfg = Debug|Any CPU
		{98D44C6F-B2E6-4EC3-A9B9-ED6BC123876D}.Debug|Any CPU.Build.0 = Debug|Any CPU
		{98D44C6F-B2E6-4EC3-A9B9-ED6BC123876D}.Release|Any CPU.ActiveCfg = Release|Any CPU
		{98D44C6F-B2E6-4EC3-A9B9-ED6BC123876D}.Release|Any CPU.Build.0 = Release|Any CPU
	EndGlobalSection
	GlobalSection(SolutionProperties) = preSolution
		HideSolutionNode = FALSE
	EndGlobalSection
	GlobalSection(ExtensibilityGlobals) = postSolution
		SolutionGuid = {6AFE0E18-A0C6-4B4D-824D-29B436C6D390}
	EndGlobalSection
EndGlobal
